
Microsoft Visual Studio Solution File, Format Version 12.00
# Visual Studio Version 16
VisualStudioVersion = 16.0.31410.357
MinimumVisualStudioVersion = 10.0.40219.1
Project("{FAE04EC0-301F-11D3-BF4B-00C04F79EFBC}") = "BitServer", "BitServer\BitServer.csproj", "{4A297F60-D715-4AF4-9192-F2A6C4ACC544}"
EndProject
Project("{FAE04EC0-301F-11D3-BF4B-00C04F79EFBC}") = "BitServerBL", "BitServerBL\BitServerBL.csproj", "{1162832B-6C5A-496D-8B02-FCA423397ABE}"
EndProject
Global
	GlobalSection(SolutionConfigurationPlatforms) = preSolution
		Debug|Any CPU = Debug|Any CPU
		Release|Any CPU = Release|Any CPU
	EndGlobalSection
	GlobalSection(ProjectConfigurationPlatforms) = postSolution
		{4A297F60-D715-4AF4-9192-F2A6C4ACC544}.Debug|Any CPU.ActiveCfg = Debug|Any CPU
		{4A297F60-D715-4AF4-9192-F2A6C4ACC544}.Debug|Any CPU.Build.0 = Debug|Any CPU
		{4A297F60-D715-4AF4-9192-F2A6C4ACC544}.Release|Any CPU.ActiveCfg = Release|Any CPU
		{4A297F60-D715-4AF4-9192-F2A6C4ACC544}.Release|Any CPU.Build.0 = Release|Any CPU
		{1162832B-6C5A-496D-8B02-FCA423397ABE}.Debug|Any CPU.ActiveCfg = Debug|Any CPU
		{1162832B-6C5A-496D-8B02-FCA423397ABE}.Debug|Any CPU.Build.0 = Debug|Any CPU
		{1162832B-6C5A-496D-8B02-FCA423397ABE}.Release|Any CPU.ActiveCfg = Release|Any CPU
		{1162832B-6C5A-496D-8B02-FCA423397ABE}.Release|Any CPU.Build.0 = Release|Any CPU
	EndGlobalSection
	GlobalSection(SolutionProperties) = preSolution
		HideSolutionNode = FALSE
	EndGlobalSection
	GlobalSection(ExtensibilityGlobals) = postSolution
		SolutionGuid = {4E0AEC57-AE74-470D-967D-0EC540C10E43}
	EndGlobalSection
EndGlobal
